// !$*UTF8*$!
{
	archiveVersion = 1;
	classes = {
	};
	objectVersion = 56;
	objects = {

/* Begin PBXBuildFile section */
		0E418FE22B29C4EE001297D2 /* AppDelegate.swift in Sources */ = {isa = PBXBuildFile; fileRef = 0E418FE12B29C4EE001297D2 /* AppDelegate.swift */; };
		0E418FE42B29C4EE001297D2 /* SceneDelegate.swift in Sources */ = {isa = PBXBuildFile; fileRef = 0E418FE32B29C4EE001297D2 /* SceneDelegate.swift */; };
		0E418FE62B29C4EE001297D2 /* ViewController.swift in Sources */ = {isa = PBXBuildFile; fileRef = 0E418FE52B29C4EE001297D2 /* ViewController.swift */; };
		0E418FE92B29C4EE001297D2 /* Main.storyboard in Resources */ = {isa = PBXBuildFile; fileRef = 0E418FE72B29C4EE001297D2 /* Main.storyboard */; };
		0E418FEB2B29C4EF001297D2 /* Assets.xcassets in Resources */ = {isa = PBXBuildFile; fileRef = 0E418FEA2B29C4EF001297D2 /* Assets.xcassets */; };
		0E418FEE2B29C4EF001297D2 /* LaunchScreen.storyboard in Resources */ = {isa = PBXBuildFile; fileRef = 0E418FEC2B29C4EF001297D2 /* LaunchScreen.storyboard */; };
		F55425E9D3D7FB46C95478A8 /* Pods_Project_22__FoursquareClone.framework in Frameworks */ = {isa = PBXBuildFile; fileRef = A078536AFE3C158BD4938D01 /* Pods_Project_22__FoursquareClone.framework */; };
/* End PBXBuildFile section */

/* Begin PBXFileReference section */
		0E418FDE2B29C4EE001297D2 /* Project 22- FoursquareClone.app */ = {isa = PBXFileReference; explicitFileType = wrapper.application; includeInIndex = 0; path = "Project 22- FoursquareClone.app"; sourceTree = BUILT_PRODUCTS_DIR; };
		0E418FE12B29C4EE001297D2 /* AppDelegate.swift */ = {isa = PBXFileReference; lastKnownFileType = sourcecode.swift; path = AppDelegate.swift; sourceTree = "<group>"; };
		0E418FE32B29C4EE001297D2 /* SceneDelegate.swift */ = {isa = PBXFileReference; lastKnownFileType = sourcecode.swift; path = SceneDelegate.swift; sourceTree = "<group>"; };
		0E418FE52B29C4EE001297D2 /* ViewController.swift */ = {isa = PBXFileReference; lastKnownFileType = sourcecode.swift; path = ViewController.swift; sourceTree = "<group>"; };
		0E418FE82B29C4EE001297D2 /* Base */ = {isa = PBXFileReference; lastKnownFileType = file.storyboard; name = Base; path = Base.lproj/Main.storyboard; sourceTree = "<group>"; };
		0E418FEA2B29C4EF001297D2 /* Assets.xcassets */ = {isa = PBXFileReference; lastKnownFileType = folder.assetcatalog; path = Assets.xcassets; sourceTree = "<group>"; };
		0E418FED2B29C4EF001297D2 /* Base */ = {isa = PBXFileReference; lastKnownFileType = file.storyboard; name = Base; path = Base.lproj/LaunchScreen.storyboard; sourceTree = "<group>"; };
		0E418FEF2B29C4EF001297D2 /* Info.plist */ = {isa = PBXFileReference; lastKnownFileType = text.plist.xml; path = Info.plist; sourceTree = "<group>"; };
		35DB11A729708E3D9285C2B0 /* Pods-Project 22- FoursquareClone.release.xcconfig */ = {isa = PBXFileReference; includeInIndex = 1; lastKnownFileType = text.xcconfig; name = "Pods-Project 22- FoursquareClone.release.xcconfig"; path = "Target Support Files/Pods-Project 22- FoursquareClone/Pods-Project 22- FoursquareClone.release.xcconfig"; sourceTree = "<group>"; };
		3B909DEF53809AE864037481 /* Pods-Project 22- FoursquareClone.debug.xcconfig */ = {isa = PBXFileReference; includeInIndex = 1; lastKnownFileType = text.xcconfig; name = "Pods-Project 22- FoursquareClone.debug.xcconfig"; path = "Target Support Files/Pods-Project 22- FoursquareClone/Pods-Project 22- FoursquareClone.debug.xcconfig"; sourceTree = "<group>"; };
		A078536AFE3C158BD4938D01 /* Pods_Project_22__FoursquareClone.framework */ = {isa = PBXFileReference; explicitFileType = wrapper.framework; includeInIndex = 0; path = Pods_Project_22__FoursquareClone.framework; sourceTree = BUILT_PRODUCTS_DIR; };
/* End PBXFileReference section */

/* Begin PBXFrameworksBuildPhase section */
		0E418FDB2B29C4EE001297D2 /* Frameworks */ = {
			isa = PBXFrameworksBuildPhase;
			buildActionMask = 2147483647;
			files = (
				F55425E9D3D7FB46C95478A8 /* Pods_Project_22__FoursquareClone.framework in Frameworks */,
			);
			runOnlyForDeploymentPostprocessing = 0;
		};
/* End PBXFrameworksBuildPhase section */

/* Begin PBXGroup section */
		0E418FD52B29C4EE001297D2 = {
			isa = PBXGroup;
			children = (
				0E418FE02B29C4EE001297D2 /* Project 22- FoursquareClone */,
				0E418FDF2B29C4EE001297D2 /* Products */,
				43E04C7F447A1CFAD79D12AF /* Pods */,
				E6B2A60450CD95A18B710D4C /* Frameworks */,
			);
			sourceTree = "<group>";
		};
		0E418FDF2B29C4EE001297D2 /* Products */ = {
			isa = PBXGroup;
			children = (
				0E418FDE2B29C4EE001297D2 /* Project 22- FoursquareClone.app */,
			);
			name = Products;
			sourceTree = "<group>";
		};
		0E418FE02B29C4EE001297D2 /* Project 22- FoursquareClone */ = {
			isa = PBXGroup;
			children = (
				0E418FE12B29C4EE001297D2 /* AppDelegate.swift */,
				0E418FE32B29C4EE001297D2 /* SceneDelegate.swift */,
				0E418FE52B29C4EE001297D2 /* ViewController.swift */,
				0E418FE72B29C4EE001297D2 /* Main.storyboard */,
				0E418FEA2B29C4EF001297D2 /* Assets.xcassets */,
				0E418FEC2B29C4EF001297D2 /* LaunchScreen.storyboard */,
				0E418FEF2B29C4EF001297D2 /* Info.plist */,
			);
			path = "Project 22- FoursquareClone";
			sourceTree = "<group>";
		};
		43E04C7F447A1CFAD79D12AF /* Pods */ = {
			isa = PBXGroup;
			children = (
				3B909DEF53809AE864037481 /* Pods-Project 22- FoursquareClone.debug.xcconfig */,
				35DB11A729708E3D9285C2B0 /* Pods-Project 22- FoursquareClone.release.xcconfig */,
			);
			name = Pods;
			path = Pods;
			sourceTree = "<group>";
		};
		E6B2A60450CD95A18B710D4C /* Frameworks */ = {
			isa = PBXGroup;
			children = (
				A078536AFE3C158BD4938D01 /* Pods_Project_22__FoursquareClone.framework */,
			);
			name = Frameworks;
			sourceTree = "<group>";
		};
/* End PBXGroup section */

/* Begin PBXNativeTarget section */
		0E418FDD2B29C4EE001297D2 /* Project 22- FoursquareClone */ = {
			isa = PBXNativeTarget;
			buildConfigurationList = 0E418FF22B29C4EF001297D2 /* Build configuration list for PBXNativeTarget "Project 22- FoursquareClone" */;
			buildPhases = (
				BE361AFE18AACC080EABBC3C /* [CP] Check Pods Manifest.lock */,
				0E418FDA2B29C4EE001297D2 /* Sources */,
				0E418FDB2B29C4EE001297D2 /* Frameworks */,
				0E418FDC2B29C4EE001297D2 /* Resources */,
				349C3D40F06BDCC37BFD408F /* [CP] Embed Pods Frameworks */,
			);
			buildRules = (
			);
			dependencies = (
			);
			name = "Project 22- FoursquareClone";
			productName = "Project 22- FoursquareClone";
			productReference = 0E418FDE2B29C4EE001297D2 /* Project 22- FoursquareClone.app */;
			productType = "com.apple.product-type.application";
		};
/* End PBXNativeTarget section */

/* Begin PBXProject section */
		0E418FD62B29C4EE001297D2 /* Project object */ = {
			isa = PBXProject;
			attributes = {
				BuildIndependentTargetsInParallel = 1;
				LastSwiftUpdateCheck = 1420;
				LastUpgradeCheck = 1420;
				TargetAttributes = {
					0E418FDD2B29C4EE001297D2 = {
						CreatedOnToolsVersion = 14.2;
					};
				};
			};
			buildConfigurationList = 0E418FD92B29C4EE001297D2 /* Build configuration list for PBXProject "Project 22- FoursquareClone" */;
			compatibilityVersion = "Xcode 14.0";
			developmentRegion = en;
			hasScannedForEncodings = 0;
			knownRegions = (
				en,
				Base,
			);
			mainGroup = 0E418FD52B29C4EE001297D2;
			productRefGroup = 0E418FDF2B29C4EE001297D2 /* Products */;
			projectDirPath = "";
			projectRoot = "";
			targets = (
				0E418FDD2B29C4EE001297D2 /* Project 22- FoursquareClone */,
			);
		};
/* End PBXProject section */

/* Begin PBXResourcesBuildPhase section */
		0E418FDC2B29C4EE001297D2 /* Resources */ = {
			isa = PBXResourcesBuildPhase;
			buildActionMask = 2147483647;
			files = (
				0E418FEE2B29C4EF001297D2 /* LaunchScreen.storyboard in Resources */,
				0E418FEB2B29C4EF001297D2 /* Assets.xcassets in Resources */,
				0E418FE92B29C4EE001297D2 /* Main.storyboard in Resources */,
			);
			runOnlyForDeploymentPostprocessing = 0;
		};
/* End PBXResourcesBuildPhase section */

/* Begin PBXShellScriptBuildPhase section */
		349C3D40F06BDCC37BFD408F /* [CP] Embed Pods Frameworks */ = {
			isa = PBXShellScriptBuildPhase;
			buildActionMask = 2147483647;
			files = (
			);
			inputFileListPaths = (
				"${PODS_ROOT}/Target Support Files/Pods-Project 22- FoursquareClone/Pods-Project 22- FoursquareClone-frameworks-${CONFIGURATION}-input-files.xcfilelist",
			);
			name = "[CP] Embed Pods Frameworks";
			outputFileListPaths = (
				"${PODS_ROOT}/Target Support Files/Pods-Project 22- FoursquareClone/Pods-Project 22- FoursquareClone-frameworks-${CONFIGURATION}-output-files.xcfilelist",
			);
			runOnlyForDeploymentPostprocessing = 0;
			shellPath = /bin/sh;
			shellScript = "\"${PODS_ROOT}/Target Support Files/Pods-Project 22- FoursquareClone/Pods-Project 22- FoursquareClone-frameworks.sh\"\n";
			showEnvVarsInLog = 0;
		};
		BE361AFE18AACC080EABBC3C /* [CP] Check Pods Manifest.lock */ = {
			isa = PBXShellScriptBuildPhase;
			buildActionMask = 2147483647;
			files = (
			);
			inputFileListPaths = (
			);
			inputPaths = (
				"${PODS_PODFILE_DIR_PATH}/Podfile.lock",
				"${PODS_ROOT}/Manifest.lock",
			);
			name = "[CP] Check Pods Manifest.lock";
			outputFileListPaths = (
			);
			outputPaths = (
				"$(DERIVED_FILE_DIR)/Pods-Project 22- FoursquareClone-checkManifestLockResult.txt",
			);
			runOnlyForDeploymentPostprocessing = 0;
			shellPath = /bin/sh;
			shellScript = "diff \"${PODS_PODFILE_DIR_PATH}/Podfile.lock\" \"${PODS_ROOT}/Manifest.lock\" > /dev/null\nif [ $? != 0 ] ; then\n    # print error to STDERR\n    echo \"error: The sandbox is not in sync with the Podfile.lock. Run 'pod install' or update your CocoaPods installation.\" >&2\n    exit 1\nfi\n# This output is used by Xcode 'outputs' to avoid re-running this script phase.\necho \"SUCCESS\" > \"${SCRIPT_OUTPUT_FILE_0}\"\n";
			showEnvVarsInLog = 0;
		};
/* End PBXShellScriptBuildPhase section */

/* Begin PBXSourcesBuildPhase section */
		0E418FDA2B29C4EE001297D2 /* Sources */ = {
			isa = PBXSourcesBuildPhase;
			buildActionMask = 2147483647;
			files = (
				0E418FE62B29C4EE001297D2 /* ViewController.swift in Sources */,
				0E418FE22B29C4EE001297D2 /* AppDelegate.swift in Sources */,
				0E418FE42B29C4EE001297D2 /* SceneDelegate.swift in Sources */,
			);
			runOnlyForDeploymentPostprocessing = 0;
		};
/* End PBXSourcesBuildPhase section */

/* Begin PBXVariantGroup section */
		0E418FE72B29C4EE001297D2 /* Main.storyboard */ = {
			isa = PBXVariantGroup;
			children = (
				0E418FE82B29C4EE001297D2 /* Base */,
			);
			name = Main.storyboard;
			sourceTree = "<group>";
		};
		0E418FEC2B29C4EF001297D2 /* LaunchScreen.storyboard */ = {
			isa = PBXVariantGroup;
			children = (
				0E418FED2B29C4EF001297D2 /* Base */,
			);
			name = LaunchScreen.storyboard;
			sourceTree = "<group>";
		};
/* End PBXVariantGroup section */

/* Begin XCBuildConfiguration section */
		0E418FF02B29C4EF001297D2 /* Debug */ = {
			isa = XCBuildConfiguration;
			buildSettings = {
				ALWAYS_SEARCH_USER_PATHS = NO;
				CLANG_ANALYZER_NONNULL = YES;
				CLANG_ANALYZER_NUMBER_OBJECT_CONVERSION = YES_AGGRESSIVE;
				CLANG_CXX_LANGUAGE_STANDARD = "gnu++20";
				CLANG_ENABLE_MODULES = YES;
				CLANG_ENABLE_OBJC_ARC = YES;
				CLANG_ENABLE_OBJC_WEAK = YES;
				CLANG_WARN_BLOCK_CAPTURE_AUTORELEASING = YES;
				CLANG_WARN_BOOL_CONVERSION = YES;
				CLANG_WARN_COMMA = YES;
				CLANG_WARN_CONSTANT_CONVERSION = YES;
				CLANG_WARN_DEPRECATED_OBJC_IMPLEMENTATIONS = YES;
				CLANG_WARN_DIRECT_OBJC_ISA_USAGE = YES_ERROR;
				CLANG_WARN_DOCUMENTATION_COMMENTS = YES;
				CLANG_WARN_EMPTY_BODY = YES;
				CLANG_WARN_ENUM_CONVERSION = YES;
				CLANG_WARN_INFINITE_RECURSION = YES;
				CLANG_WARN_INT_CONVERSION = YES;
				CLANG_WARN_NON_LITERAL_NULL_CONVERSION = YES;
				CLANG_WARN_OBJC_IMPLICIT_RETAIN_SELF = YES;
				CLANG_WARN_OBJC_LITERAL_CONVERSION = YES;
				CLANG_WARN_OBJC_ROOT_CLASS = YES_ERROR;
				CLANG_WARN_QUOTED_INCLUDE_IN_FRAMEWORK_HEADER = YES;
				CLANG_WARN_RANGE_LOOP_ANALYSIS = YES;
				CLANG_WARN_STRICT_PROTOTYPES = YES;
				CLANG_WARN_SUSPICIOUS_MOVE = YES;
				CLANG_WARN_UNGUARDED_AVAILABILITY = YES_AGGRESSIVE;
				CLANG_WARN_UNREACHABLE_CODE = YES;
				CLANG_WARN__DUPLICATE_METHOD_MATCH = YES;
				COPY_PHASE_STRIP = NO;
				DEBUG_INFORMATION_FORMAT = dwarf;
				ENABLE_STRICT_OBJC_MSGSEND = YES;
				ENABLE_TESTABILITY = YES;
				GCC_C_LANGUAGE_STANDARD = gnu11;
				GCC_DYNAMIC_NO_PIC = NO;
				GCC_NO_COMMON_BLOCKS = YES;
				GCC_OPTIMIZATION_LEVEL = 0;
				GCC_PREPROCESSOR_DEFINITIONS = (
					"DEBUG=1",
					"$(inherited)",
				);
				GCC_WARN_64_TO_32_BIT_CONVERSION = YES;
				GCC_WARN_ABOUT_RETURN_TYPE = YES_ERROR;
				GCC_WARN_UNDECLARED_SELECTOR = YES;
				GCC_WARN_UNINITIALIZED_AUTOS = YES_AGGRESSIVE;
				GCC_WARN_UNUSED_FUNCTION = YES;
				GCC_WARN_UNUSED_VARIABLE = YES;
				IPHONEOS_DEPLOYMENT_TARGET = 16.2;
				MTL_ENABLE_DEBUG_INFO = INCLUDE_SOURCE;
				MTL_FAST_MATH = YES;
				ONLY_ACTIVE_ARCH = YES;
				SDKROOT = iphoneos;
				SWIFT_ACTIVE_COMPILATION_CONDITIONS = DEBUG;
				SWIFT_OPTIMIZATION_LEVEL = "-Onone";
			};
			name = Debug;
		};
		0E418FF12B29C4EF001297D2 /* Release */ = {
			isa = XCBuildConfiguration;
			buildSettings = {
				ALWAYS_SEARCH_USER_PATHS = NO;
				CLANG_ANALYZER_NONNULL = YES;
				CLANG_ANALYZER_NUMBER_OBJECT_CONVERSION = YES_AGGRESSIVE;
				CLANG_CXX_LANGUAGE_STANDARD = "gnu++20";
				CLANG_ENABLE_MODULES = YES;
				CLANG_ENABLE_OBJC_ARC = YES;
				CLANG_ENABLE_OBJC_WEAK = YES;
				CLANG_WARN_BLOCK_CAPTURE_AUTORELEASING = YES;
				CLANG_WARN_BOOL_CONVERSION = YES;
				CLANG_WARN_COMMA = YES;
				CLANG_WARN_CONSTANT_CONVERSION = YES;
				CLANG_WARN_DEPRECATED_OBJC_IMPLEMENTATIONS = YES;
				CLANG_WARN_DIRECT_OBJC_ISA_USAGE = YES_ERROR;
				CLANG_WARN_DOCUMENTATION_COMMENTS = YES;
				CLANG_WARN_EMPTY_BODY = YES;
				CLANG_WARN_ENUM_CONVERSION = YES;
				CLANG_WARN_INFINITE_RECURSION = YES;
				CLANG_WARN_INT_CONVERSION = YES;
				CLANG_WARN_NON_LITERAL_NULL_CONVERSION = YES;
				CLANG_WARN_OBJC_IMPLICIT_RETAIN_SELF = YES;
				CLANG_WARN_OBJC_LITERAL_CONVERSION = YES;
				CLANG_WARN_OBJC_ROOT_CLASS = YES_ERROR;
				CLANG_WARN_QUOTED_INCLUDE_IN_FRAMEWORK_HEADER = YES;
				CLANG_WARN_RANGE_LOOP_ANALYSIS = YES;
				CLANG_WARN_STRICT_PROTOTYPES = YES;
				CLANG_WARN_SUSPICIOUS_MOVE = YES;
				CLANG_WARN_UNGUARDED_AVAILABILITY = YES_AGGRESSIVE;
				CLANG_WARN_UNREACHABLE_CODE = YES;
				CLANG_WARN__DUPLICATE_METHOD_MATCH = YES;
				COPY_PHASE_STRIP = NO;
				DEBUG_INFORMATION_FORMAT = "dwarf-with-dsym";
				ENABLE_NS_ASSERTIONS = NO;
				ENABLE_STRICT_OBJC_MSGSEND = YES;
				GCC_C_LANGUAGE_STANDARD = gnu11;
				GCC_NO_COMMON_BLOCKS = YES;
				GCC_WARN_64_TO_32_BIT_CONVERSION = YES;
				GCC_WARN_ABOUT_RETURN_TYPE = YES_ERROR;
				GCC_WARN_UNDECLARED_SELECTOR = YES;
				GCC_WARN_UNINITIALIZED_AUTOS = YES_AGGRESSIVE;
				GCC_WARN_UNUSED_FUNCTION = YES;
				GCC_WARN_UNUSED_VARIABLE = YES;
				IPHONEOS_DEPLOYMENT_TARGET = 16.2;
				MTL_ENABLE_DEBUG_INFO = NO;
				MTL_FAST_MATH = YES;
				SDKROOT = iphoneos;
				SWIFT_COMPILATION_MODE = wholemodule;
				SWIFT_OPTIMIZATION_LEVEL = "-O";
				VALIDATE_PRODUCT = YES;
			};
			name = Release;
		};
		0E418FF32B29C4EF001297D2 /* Debug */ = {
			isa = XCBuildConfiguration;
			baseConfigurationReference = 3B909DEF53809AE864037481 /* Pods-Project 22- FoursquareClone.debug.xcconfig */;
			buildSettings = {
				ASSETCATALOG_COMPILER_APPICON_NAME = AppIcon;
				ASSETCATALOG_COMPILER_GLOBAL_ACCENT_COLOR_NAME = AccentColor;
				CODE_SIGN_STYLE = Automatic;
				CURRENT_PROJECT_VERSION = 1;
				DEVELOPMENT_TEAM = 6HT5X4W7TW;
				GENERATE_INFOPLIST_FILE = YES;
				INFOPLIST_FILE = "Project 22- FoursquareClone/Info.plist";
				INFOPLIST_KEY_UIApplicationSupportsIndirectInputEvents = YES;
				INFOPLIST_KEY_UILaunchStoryboardName = LaunchScreen;
				INFOPLIST_KEY_UIMainStoryboardFile = Main;
				INFOPLIST_KEY_UISupportedInterfaceOrientations_iPad = "UIInterfaceOrientationPortrait UIInterfaceOrientationPortraitUpsideDown UIInterfaceOrientationLandscapeLeft UIInterfaceOrientationLandscapeRight";
				INFOPLIST_KEY_UISupportedInterfaceOrientations_iPhone = "UIInterfaceOrientationPortrait UIInterfaceOrientationLandscapeLeft UIInterfaceOrientationLandscapeRight";
				LD_RUNPATH_SEARCH_PATHS = (
					"$(inherited)",
					"@executable_path/Frameworks",
				);
				MARKETING_VERSION = 1.0;
				PRODUCT_BUNDLE_IDENTIFIER = "com.ahmettunahanbekdas.Project-22--FoursquareClone";
				PRODUCT_NAME = "$(TARGET_NAME)";
				SWIFT_EMIT_LOC_STRINGS = YES;
				SWIFT_VERSION = 5.0;
				TARGETED_DEVICE_FAMILY = "1,2";
			};
			name = Debug;
		};
		0E418FF42B29C4EF001297D2 /* Release */ = {
			isa = XCBuildConfiguration;
			baseConfigurationReference = 35DB11A729708E3D9285C2B0 /* Pods-Project 22- FoursquareClone.release.xcconfig */;
			buildSettings = {
				ASSETCATALOG_COMPILER_APPICON_NAME = AppIcon;
				ASSETCATALOG_COMPILER_GLOBAL_ACCENT_COLOR_NAME = AccentColor;
				CODE_SIGN_STYLE = Automatic;
				CURRENT_PROJECT_VERSION = 1;
				DEVELOPMENT_TEAM = 6HT5X4W7TW;
				GENERATE_INFOPLIST_FILE = YES;
				INFOPLIST_FILE = "Project 22- FoursquareClone/Info.plist";
				INFOPLIST_KEY_UIApplicationSupportsIndirectInputEvents = YES;
				INFOPLIST_KEY_UILaunchStoryboardName = LaunchScreen;
				INFOPLIST_KEY_UIMainStoryboardFile = Main;
				INFOPLIST_KEY_UISupportedInterfaceOrientations_iPad = "UIInterfaceOrientationPortrait UIInterfaceOrientationPortraitUpsideDown UIInterfaceOrientationLandscapeLeft UIInterfaceOrientationLandscapeRight";
				INFOPLIST_KEY_UISupportedInterfaceOrientations_iPhone = "UIInterfaceOrientationPortrait UIInterfaceOrientationLandscapeLeft UIInterfaceOrientationLandscapeRight";
				LD_RUNPATH_SEARCH_PATHS = (
					"$(inherited)",
					"@executable_path/Frameworks",
				);
				MARKETING_VERSION = 1.0;
				PRODUCT_BUNDLE_IDENTIFIER = "com.ahmettunahanbekdas.Project-22--FoursquareClone";
				PRODUCT_NAME = "$(TARGET_NAME)";
				SWIFT_EMIT_LOC_STRINGS = YES;
				SWIFT_VERSION = 5.0;
				TARGETED_DEVICE_FAMILY = "1,2";
			};
			name = Release;
		};
/* End XCBuildConfiguration section */

/* Begin XCConfigurationList section */
		0E418FD92B29C4EE001297D2 /* Build configuration list for PBXProject "Project 22- FoursquareClone" */ = {
			isa = XCConfigurationList;
			buildConfigurations = (
				0E418FF02B29C4EF001297D2 /* Debug */,
				0E418FF12B29C4EF001297D2 /* Release */,
			);
			defaultConfigurationIsVisible = 0;
			defaultConfigurationName = Release;
		};
		0E418FF22B29C4EF001297D2 /* Build configuration list for PBXNativeTarget "Project 22- FoursquareClone" */ = {
			isa = XCConfigurationList;
			buildConfigurations = (
				0E418FF32B29C4EF001297D2 /* Debug */,
				0E418FF42B29C4EF001297D2 /* Release */,
			);
			defaultConfigurationIsVisible = 0;
			defaultConfigurationName = Release;
		};
/* End XCConfigurationList section */
	};
	rootObject = 0E418FD62B29C4EE001297D2 /* Project object */;
}
